
Microsoft Visual Studio Solution File, Format Version 12.00
# Visual Studio Version 16
VisualStudioVersion = 16.0.32602.291
MinimumVisualStudioVersion = 10.0.40219.1
Project("{FAE04EC0-301F-11D3-BF4B-00C04F79EFBC}") = "AOSWeb", "AOSWeb\AOSWeb.csproj", "{8B8E061E-B1C9-4DAC-BDDC-17AFF9E25D0B}"
EndProject
Global
	GlobalSection(SolutionConfigurationPlatforms) = preSolution
		Debug|Any CPU = Debug|Any CPU
		Release|Any CPU = Release|Any CPU
	EndGlobalSection
	GlobalSection(ProjectConfigurationPlatforms) = postSolution
		{8B8E061E-B1C9-4DAC-BDDC-17AFF9E25D0B}.Debug|Any CPU.ActiveCfg = Debug|Any CPU
		{8B8E061E-B1C9-4DAC-BDDC-17AFF9E25D0B}.Debug|Any CPU.Build.0 = Debug|Any CPU
		{8B8E061E-B1C9-4DAC-BDDC-17AFF9E25D0B}.Release|Any CPU.ActiveCfg = Release|Any CPU
		{8B8E061E-B1C9-4DAC-BDDC-17AFF9E25D0B}.Release|Any CPU.Build.0 = Release|Any CPU
	EndGlobalSection
	GlobalSection(SolutionProperties) = preSolution
		HideSolutionNode = FALSE
	EndGlobalSection
	GlobalSection(ExtensibilityGlobals) = postSolution
		SolutionGuid = {DF431EBA-84EC-4737-BBB0-A57AB07371F5}
	EndGlobalSection
EndGlobal
